// !$*UTF8*$!
{
	archiveVersion = 1;
	classes = {
	};
	objectVersion = 56;
	objects = {

/* Begin PBXBuildFile section */
		209A41462C065D6700732CD9 /* App_TestsGitHubApp.swift in Sources */ = {isa = PBXBuildFile; fileRef = 209A41452C065D6700732CD9 /* App_TestsGitHubApp.swift */; };
		209A41482C065D6700732CD9 /* ContentView.swift in Sources */ = {isa = PBXBuildFile; fileRef = 209A41472C065D6700732CD9 /* ContentView.swift */; };
		209A414A2C065D6900732CD9 /* Assets.xcassets in Resources */ = {isa = PBXBuildFile; fileRef = 209A41492C065D6900732CD9 /* Assets.xcassets */; };
		209A414D2C065D6900732CD9 /* Preview Assets.xcassets in Resources */ = {isa = PBXBuildFile; fileRef = 209A414C2C065D6900732CD9 /* Preview Assets.xcassets */; };
		209A41572C065D6A00732CD9 /* App_TestsGitHubTests.swift in Sources */ = {isa = PBXBuildFile; fileRef = 209A41562C065D6A00732CD9 /* App_TestsGitHubTests.swift */; };
		209A41612C065D6A00732CD9 /* App_TestsGitHubUITests.swift in Sources */ = {isa = PBXBuildFile; fileRef = 209A41602C065D6A00732CD9 /* App_TestsGitHubUITests.swift */; };
		209A41632C065D6A00732CD9 /* App_TestsGitHubUITestsLaunchTests.swift in Sources */ = {isa = PBXBuildFile; fileRef = 209A41622C065D6A00732CD9 /* App_TestsGitHubUITestsLaunchTests.swift */; };
/* End PBXBuildFile section */

/* Begin PBXContainerItemProxy section */
		209A41532C065D6A00732CD9 /* PBXContainerItemProxy */ = {
			isa = PBXContainerItemProxy;
			containerPortal = 209A413A2C065D6700732CD9 /* Project object */;
			proxyType = 1;
			remoteGlobalIDString = 209A41412C065D6700732CD9;
			remoteInfo = App_TestsGitHub;
		};
		209A415D2C065D6A00732CD9 /* PBXContainerItemProxy */ = {
			isa = PBXContainerItemProxy;
			containerPortal = 209A413A2C065D6700732CD9 /* Project object */;
			proxyType = 1;
			remoteGlobalIDString = 209A41412C065D6700732CD9;
			remoteInfo = App_TestsGitHub;
		};
/* End PBXContainerItemProxy section */

/* Begin PBXFileReference section */
		209A41422C065D6700732CD9 /* App_TestsGitHub.app */ = {isa = PBXFileReference; explicitFileType = wrapper.application; includeInIndex = 0; path = App_TestsGitHub.app; sourceTree = BUILT_PRODUCTS_DIR; };
		209A41452C065D6700732CD9 /* App_TestsGitHubApp.swift */ = {isa = PBXFileReference; lastKnownFileType = sourcecode.swift; path = App_TestsGitHubApp.swift; sourceTree = "<group>"; };
		209A41472C065D6700732CD9 /* ContentView.swift */ = {isa = PBXFileReference; lastKnownFileType = sourcecode.swift; path = ContentView.swift; sourceTree = "<group>"; };
		209A41492C065D6900732CD9 /* Assets.xcassets */ = {isa = PBXFileReference; lastKnownFileType = folder.assetcatalog; path = Assets.xcassets; sourceTree = "<group>"; };
		209A414C2C065D6900732CD9 /* Preview Assets.xcassets */ = {isa = PBXFileReference; lastKnownFileType = folder.assetcatalog; path = "Preview Assets.xcassets"; sourceTree = "<group>"; };
		209A41522C065D6A00732CD9 /* App_TestsGitHubTests.xctest */ = {isa = PBXFileReference; explicitFileType = wrapper.cfbundle; includeInIndex = 0; path = App_TestsGitHubTests.xctest; sourceTree = BUILT_PRODUCTS_DIR; };
		209A41562C065D6A00732CD9 /* App_TestsGitHubTests.swift */ = {isa = PBXFileReference; lastKnownFileType = sourcecode.swift; path = App_TestsGitHubTests.swift; sourceTree = "<group>"; };
		209A415C2C065D6A00732CD9 /* App_TestsGitHubUITests.xctest */ = {isa = PBXFileReference; explicitFileType = wrapper.cfbundle; includeInIndex = 0; path = App_TestsGitHubUITests.xctest; sourceTree = BUILT_PRODUCTS_DIR; };
		209A41602C065D6A00732CD9 /* App_TestsGitHubUITests.swift */ = {isa = PBXFileReference; lastKnownFileType = sourcecode.swift; path = App_TestsGitHubUITests.swift; sourceTree = "<group>"; };
		209A41622C065D6A00732CD9 /* App_TestsGitHubUITestsLaunchTests.swift */ = {isa = PBXFileReference; lastKnownFileType = sourcecode.swift; path = App_TestsGitHubUITestsLaunchTests.swift; sourceTree = "<group>"; };
/* End PBXFileReference section */

/* Begin PBXFrameworksBuildPhase section */
		209A413F2C065D6700732CD9 /* Frameworks */ = {
			isa = PBXFrameworksBuildPhase;
			buildActionMask = 2147483647;
			files = (
			);
			runOnlyForDeploymentPostprocessing = 0;
		};
		209A414F2C065D6A00732CD9 /* Frameworks */ = {
			isa = PBXFrameworksBuildPhase;
			buildActionMask = 2147483647;
			files = (
			);
			runOnlyForDeploymentPostprocessing = 0;
		};
		209A41592C065D6A00732CD9 /* Frameworks */ = {
			isa = PBXFrameworksBuildPhase;
			buildActionMask = 2147483647;
			files = (
			);
			runOnlyForDeploymentPostprocessing = 0;
		};
/* End PBXFrameworksBuildPhase section */

/* Begin PBXGroup section */
		209A41392C065D6700732CD9 = {
			isa = PBXGroup;
			children = (
				209A41442C065D6700732CD9 /* App_TestsGitHub */,
				209A41552C065D6A00732CD9 /* App_TestsGitHubTests */,
				209A415F2C065D6A00732CD9 /* App_TestsGitHubUITests */,
				209A41432C065D6700732CD9 /* Products */,
			);
			sourceTree = "<group>";
		};
		209A41432C065D6700732CD9 /* Products */ = {
			isa = PBXGroup;
			children = (
				209A41422C065D6700732CD9 /* App_TestsGitHub.app */,
				209A41522C065D6A00732CD9 /* App_TestsGitHubTests.xctest */,
				209A415C2C065D6A00732CD9 /* App_TestsGitHubUITests.xctest */,
			);
			name = Products;
			sourceTree = "<group>";
		};
		209A41442C065D6700732CD9 /* App_TestsGitHub */ = {
			isa = PBXGroup;
			children = (
				209A41452C065D6700732CD9 /* App_TestsGitHubApp.swift */,
				209A41472C065D6700732CD9 /* ContentView.swift */,
				209A41492C065D6900732CD9 /* Assets.xcassets */,
				209A414B2C065D6900732CD9 /* Preview Content */,
			);
			path = App_TestsGitHub;
			sourceTree = "<group>";
		};
		209A414B2C065D6900732CD9 /* Preview Content */ = {
			isa = PBXGroup;
			children = (
				209A414C2C065D6900732CD9 /* Preview Assets.xcassets */,
			);
			path = "Preview Content";
			sourceTree = "<group>";
		};
		209A41552C065D6A00732CD9 /* App_TestsGitHubTests */ = {
			isa = PBXGroup;
			children = (
				209A41562C065D6A00732CD9 /* App_TestsGitHubTests.swift */,
			);
			path = App_TestsGitHubTests;
			sourceTree = "<group>";
		};
		209A415F2C065D6A00732CD9 /* App_TestsGitHubUITests */ = {
			isa = PBXGroup;
			children = (
				209A41602C065D6A00732CD9 /* App_TestsGitHubUITests.swift */,
				209A41622C065D6A00732CD9 /* App_TestsGitHubUITestsLaunchTests.swift */,
			);
			path = App_TestsGitHubUITests;
			sourceTree = "<group>";
		};
/* End PBXGroup section */

/* Begin PBXNativeTarget section */
		209A41412C065D6700732CD9 /* App_TestsGitHub */ = {
			isa = PBXNativeTarget;
			buildConfigurationList = 209A41662C065D6A00732CD9 /* Build configuration list for PBXNativeTarget "App_TestsGitHub" */;
			buildPhases = (
				209A413E2C065D6700732CD9 /* Sources */,
				209A413F2C065D6700732CD9 /* Frameworks */,
				209A41402C065D6700732CD9 /* Resources */,
			);
			buildRules = (
			);
			dependencies = (
			);
			name = App_TestsGitHub;
			productName = App_TestsGitHub;
			productReference = 209A41422C065D6700732CD9 /* App_TestsGitHub.app */;
			productType = "com.apple.product-type.application";
		};
		209A41512C065D6A00732CD9 /* App_TestsGitHubTests */ = {
			isa = PBXNativeTarget;
			buildConfigurationList = 209A41692C065D6A00732CD9 /* Build configuration list for PBXNativeTarget "App_TestsGitHubTests" */;
			buildPhases = (
				209A414E2C065D6A00732CD9 /* Sources */,
				209A414F2C065D6A00732CD9 /* Frameworks */,
				209A41502C065D6A00732CD9 /* Resources */,
			);
			buildRules = (
			);
			dependencies = (
				209A41542C065D6A00732CD9 /* PBXTargetDependency */,
			);
			name = App_TestsGitHubTests;
			productName = App_TestsGitHubTests;
			productReference = 209A41522C065D6A00732CD9 /* App_TestsGitHubTests.xctest */;
			productType = "com.apple.product-type.bundle.unit-test";
		};
		209A415B2C065D6A00732CD9 /* App_TestsGitHubUITests */ = {
			isa = PBXNativeTarget;
			buildConfigurationList = 209A416C2C065D6A00732CD9 /* Build configuration list for PBXNativeTarget "App_TestsGitHubUITests" */;
			buildPhases = (
				209A41582C065D6A00732CD9 /* Sources */,
				209A41592C065D6A00732CD9 /* Frameworks */,
				209A415A2C065D6A00732CD9 /* Resources */,
			);
			buildRules = (
			);
			dependencies = (
				209A415E2C065D6A00732CD9 /* PBXTargetDependency */,
			);
			name = App_TestsGitHubUITests;
			productName = App_TestsGitHubUITests;
			productReference = 209A415C2C065D6A00732CD9 /* App_TestsGitHubUITests.xctest */;
			productType = "com.apple.product-type.bundle.ui-testing";
		};
/* End PBXNativeTarget section */

/* Begin PBXProject section */
		209A413A2C065D6700732CD9 /* Project object */ = {
			isa = PBXProject;
			attributes = {
				BuildIndependentTargetsInParallel = 1;
				LastSwiftUpdateCheck = 1420;
				LastUpgradeCheck = 1420;
				TargetAttributes = {
					209A41412C065D6700732CD9 = {
						CreatedOnToolsVersion = 14.2;
					};
					209A41512C065D6A00732CD9 = {
						CreatedOnToolsVersion = 14.2;
						TestTargetID = 209A41412C065D6700732CD9;
					};
					209A415B2C065D6A00732CD9 = {
						CreatedOnToolsVersion = 14.2;
						TestTargetID = 209A41412C065D6700732CD9;
					};
				};
			};
			buildConfigurationList = 209A413D2C065D6700732CD9 /* Build configuration list for PBXProject "App_TestsGitHub" */;
			compatibilityVersion = "Xcode 14.0";
			developmentRegion = en;
			hasScannedForEncodings = 0;
			knownRegions = (
				en,
				Base,
			);
			mainGroup = 209A41392C065D6700732CD9;
			productRefGroup = 209A41432C065D6700732CD9 /* Products */;
			projectDirPath = "";
			projectRoot = "";
			targets = (
				209A41412C065D6700732CD9 /* App_TestsGitHub */,
				209A41512C065D6A00732CD9 /* App_TestsGitHubTests */,
				209A415B2C065D6A00732CD9 /* App_TestsGitHubUITests */,
			);
		};
/* End PBXProject section */

/* Begin PBXResourcesBuildPhase section */
		209A41402C065D6700732CD9 /* Resources */ = {
			isa = PBXResourcesBuildPhase;
			buildActionMask = 2147483647;
			files = (
				209A414D2C065D6900732CD9 /* Preview Assets.xcassets in Resources */,
				209A414A2C065D6900732CD9 /* Assets.xcassets in Resources */,
			);
			runOnlyForDeploymentPostprocessing = 0;
		};
		209A41502C065D6A00732CD9 /* Resources */ = {
			isa = PBXResourcesBuildPhase;
			buildActionMask = 2147483647;
			files = (
			);
			runOnlyForDeploymentPostprocessing = 0;
		};
		209A415A2C065D6A00732CD9 /* Resources */ = {
			isa = PBXResourcesBuildPhase;
			buildActionMask = 2147483647;
			files = (
			);
			runOnlyForDeploymentPostprocessing = 0;
		};
/* End PBXResourcesBuildPhase section */

/* Begin PBXSourcesBuildPhase section */
		209A413E2C065D6700732CD9 /* Sources */ = {
			isa = PBXSourcesBuildPhase;
			buildActionMask = 2147483647;
			files = (
				209A41482C065D6700732CD9 /* ContentView.swift in Sources */,
				209A41462C065D6700732CD9 /* App_TestsGitHubApp.swift in Sources */,
			);
			runOnlyForDeploymentPostprocessing = 0;
		};
		209A414E2C065D6A00732CD9 /* Sources */ = {
			isa = PBXSourcesBuildPhase;
			buildActionMask = 2147483647;
			files = (
				209A41572C065D6A00732CD9 /* App_TestsGitHubTests.swift in Sources */,
			);
			runOnlyForDeploymentPostprocessing = 0;
		};
		209A41582C065D6A00732CD9 /* Sources */ = {
			isa = PBXSourcesBuildPhase;
			buildActionMask = 2147483647;
			files = (
				209A41612C065D6A00732CD9 /* App_TestsGitHubUITests.swift in Sources */,
				209A41632C065D6A00732CD9 /* App_TestsGitHubUITestsLaunchTests.swift in Sources */,
			);
			runOnlyForDeploymentPostprocessing = 0;
		};
/* End PBXSourcesBuildPhase section */

/* Begin PBXTargetDependency section */
		209A41542C065D6A00732CD9 /* PBXTargetDependency */ = {
			isa = PBXTargetDependency;
			target = 209A41412C065D6700732CD9 /* App_TestsGitHub */;
			targetProxy = 209A41532C065D6A00732CD9 /* PBXContainerItemProxy */;
		};
		209A415E2C065D6A00732CD9 /* PBXTargetDependency */ = {
			isa = PBXTargetDependency;
			target = 209A41412C065D6700732CD9 /* App_TestsGitHub */;
			targetProxy = 209A415D2C065D6A00732CD9 /* PBXContainerItemProxy */;
		};
/* End PBXTargetDependency section */

/* Begin XCBuildConfiguration section */
		209A41642C065D6A00732CD9 /* Debug */ = {
			isa = XCBuildConfiguration;
			buildSettings = {
				ALWAYS_SEARCH_USER_PATHS = NO;
				CLANG_ANALYZER_NONNULL = YES;
				CLANG_ANALYZER_NUMBER_OBJECT_CONVERSION = YES_AGGRESSIVE;
				CLANG_CXX_LANGUAGE_STANDARD = "gnu++20";
				CLANG_ENABLE_MODULES = YES;
				CLANG_ENABLE_OBJC_ARC = YES;
				CLANG_ENABLE_OBJC_WEAK = YES;
				CLANG_WARN_BLOCK_CAPTURE_AUTORELEASING = YES;
				CLANG_WARN_BOOL_CONVERSION = YES;
				CLANG_WARN_COMMA = YES;
				CLANG_WARN_CONSTANT_CONVERSION = YES;
				CLANG_WARN_DEPRECATED_OBJC_IMPLEMENTATIONS = YES;
				CLANG_WARN_DIRECT_OBJC_ISA_USAGE = YES_ERROR;
				CLANG_WARN_DOCUMENTATION_COMMENTS = YES;
				CLANG_WARN_EMPTY_BODY = YES;
				CLANG_WARN_ENUM_CONVERSION = YES;
				CLANG_WARN_INFINITE_RECURSION = YES;
				CLANG_WARN_INT_CONVERSION = YES;
				CLANG_WARN_NON_LITERAL_NULL_CONVERSION = YES;
				CLANG_WARN_OBJC_IMPLICIT_RETAIN_SELF = YES;
				CLANG_WARN_OBJC_LITERAL_CONVERSION = YES;
				CLANG_WARN_OBJC_ROOT_CLASS = YES_ERROR;
				CLANG_WARN_QUOTED_INCLUDE_IN_FRAMEWORK_HEADER = YES;
				CLANG_WARN_RANGE_LOOP_ANALYSIS = YES;
				CLANG_WARN_STRICT_PROTOTYPES = YES;
				CLANG_WARN_SUSPICIOUS_MOVE = YES;
				CLANG_WARN_UNGUARDED_AVAILABILITY = YES_AGGRESSIVE;
				CLANG_WARN_UNREACHABLE_CODE = YES;
				CLANG_WARN__DUPLICATE_METHOD_MATCH = YES;
				COPY_PHASE_STRIP = NO;
				DEBUG_INFORMATION_FORMAT = dwarf;
				ENABLE_STRICT_OBJC_MSGSEND = YES;
				ENABLE_TESTABILITY = YES;
				GCC_C_LANGUAGE_STANDARD = gnu11;
				GCC_DYNAMIC_NO_PIC = NO;
				GCC_NO_COMMON_BLOCKS = YES;
				GCC_OPTIMIZATION_LEVEL = 0;
				GCC_PREPROCESSOR_DEFINITIONS = (
					"DEBUG=1",
					"$(inherited)",
				);
				GCC_WARN_64_TO_32_BIT_CONVERSION = YES;
				GCC_WARN_ABOUT_RETURN_TYPE = YES_ERROR;
				GCC_WARN_UNDECLARED_SELECTOR = YES;
				GCC_WARN_UNINITIALIZED_AUTOS = YES_AGGRESSIVE;
				GCC_WARN_UNUSED_FUNCTION = YES;
				GCC_WARN_UNUSED_VARIABLE = YES;
				IPHONEOS_DEPLOYMENT_TARGET = 16.2;
				MTL_ENABLE_DEBUG_INFO = INCLUDE_SOURCE;
				MTL_FAST_MATH = YES;
				ONLY_ACTIVE_ARCH = YES;
				SDKROOT = iphoneos;
				SWIFT_ACTIVE_COMPILATION_CONDITIONS = DEBUG;
				SWIFT_OPTIMIZATION_LEVEL = "-Onone";
			};
			name = Debug;
		};
		209A41652C065D6A00732CD9 /* Release */ = {
			isa = XCBuildConfiguration;
			buildSettings = {
				ALWAYS_SEARCH_USER_PATHS = NO;
				CLANG_ANALYZER_NONNULL = YES;
				CLANG_ANALYZER_NUMBER_OBJECT_CONVERSION = YES_AGGRESSIVE;
				CLANG_CXX_LANGUAGE_STANDARD = "gnu++20";
				CLANG_ENABLE_MODULES = YES;
				CLANG_ENABLE_OBJC_ARC = YES;
				CLANG_ENABLE_OBJC_WEAK = YES;
				CLANG_WARN_BLOCK_CAPTURE_AUTORELEASING = YES;
				CLANG_WARN_BOOL_CONVERSION = YES;
				CLANG_WARN_COMMA = YES;
				CLANG_WARN_CONSTANT_CONVERSION = YES;
				CLANG_WARN_DEPRECATED_OBJC_IMPLEMENTATIONS = YES;
				CLANG_WARN_DIRECT_OBJC_ISA_USAGE = YES_ERROR;
				CLANG_WARN_DOCUMENTATION_COMMENTS = YES;
				CLANG_WARN_EMPTY_BODY = YES;
				CLANG_WARN_ENUM_CONVERSION = YES;
				CLANG_WARN_INFINITE_RECURSION = YES;
				CLANG_WARN_INT_CONVERSION = YES;
				CLANG_WARN_NON_LITERAL_NULL_CONVERSION = YES;
				CLANG_WARN_OBJC_IMPLICIT_RETAIN_SELF = YES;
				CLANG_WARN_OBJC_LITERAL_CONVERSION = YES;
				CLANG_WARN_OBJC_ROOT_CLASS = YES_ERROR;
				CLANG_WARN_QUOTED_INCLUDE_IN_FRAMEWORK_HEADER = YES;
				CLANG_WARN_RANGE_LOOP_ANALYSIS = YES;
				CLANG_WARN_STRICT_PROTOTYPES = YES;
				CLANG_WARN_SUSPICIOUS_MOVE = YES;
				CLANG_WARN_UNGUARDED_AVAILABILITY = YES_AGGRESSIVE;
				CLANG_WARN_UNREACHABLE_CODE = YES;
				CLANG_WARN__DUPLICATE_METHOD_MATCH = YES;
				COPY_PHASE_STRIP = NO;
				DEBUG_INFORMATION_FORMAT = "dwarf-with-dsym";
				ENABLE_NS_ASSERTIONS = NO;
				ENABLE_STRICT_OBJC_MSGSEND = YES;
				GCC_C_LANGUAGE_STANDARD = gnu11;
				GCC_NO_COMMON_BLOCKS = YES;
				GCC_WARN_64_TO_32_BIT_CONVERSION = YES;
				GCC_WARN_ABOUT_RETURN_TYPE = YES_ERROR;
				GCC_WARN_UNDECLARED_SELECTOR = YES;
				GCC_WARN_UNINITIALIZED_AUTOS = YES_AGGRESSIVE;
				GCC_WARN_UNUSED_FUNCTION = YES;
				GCC_WARN_UNUSED_VARIABLE = YES;
				IPHONEOS_DEPLOYMENT_TARGET = 16.2;
				MTL_ENABLE_DEBUG_INFO = NO;
				MTL_FAST_MATH = YES;
				SDKROOT = iphoneos;
				SWIFT_COMPILATION_MODE = wholemodule;
				SWIFT_OPTIMIZATION_LEVEL = "-O";
				VALIDATE_PRODUCT = YES;
			};
			name = Release;
		};
		209A41672C065D6A00732CD9 /* Debug */ = {
			isa = XCBuildConfiguration;
			buildSettings = {
				ASSETCATALOG_COMPILER_APPICON_NAME = AppIcon;
				ASSETCATALOG_COMPILER_GLOBAL_ACCENT_COLOR_NAME = AccentColor;
				CODE_SIGN_STYLE = Automatic;
				CURRENT_PROJECT_VERSION = 1;
				DEVELOPMENT_ASSET_PATHS = "\"App_TestsGitHub/Preview Content\"";
				ENABLE_PREVIEWS = YES;
				GENERATE_INFOPLIST_FILE = YES;
				INFOPLIST_KEY_UIApplicationSceneManifest_Generation = YES;
				INFOPLIST_KEY_UIApplicationSupportsIndirectInputEvents = YES;
				INFOPLIST_KEY_UILaunchScreen_Generation = YES;
				INFOPLIST_KEY_UISupportedInterfaceOrientations_iPad = "UIInterfaceOrientationPortrait UIInterfaceOrientationPortraitUpsideDown UIInterfaceOrientationLandscapeLeft UIInterfaceOrientationLandscapeRight";
				INFOPLIST_KEY_UISupportedInterfaceOrientations_iPhone = "UIInterfaceOrientationPortrait UIInterfaceOrientationLandscapeLeft UIInterfaceOrientationLandscapeRight";
				LD_RUNPATH_SEARCH_PATHS = (
					"$(inherited)",
					"@executable_path/Frameworks",
				);
				MARKETING_VERSION = 1.0;
				PRODUCT_BUNDLE_IDENTIFIER = "com.adria.MyApp-app.App-TestsGitHub";
				PRODUCT_NAME = "$(TARGET_NAME)";
				SWIFT_EMIT_LOC_STRINGS = YES;
				SWIFT_VERSION = 5.0;
				TARGETED_DEVICE_FAMILY = "1,2";
			};
			name = Debug;
		};
		209A41682C065D6A00732CD9 /* Release */ = {
			isa = XCBuildConfiguration;
			buildSettings = {
				ASSETCATALOG_COMPILER_APPICON_NAME = AppIcon;
				ASSETCATALOG_COMPILER_GLOBAL_ACCENT_COLOR_NAME = AccentColor;
				CODE_SIGN_STYLE = Automatic;
				CURRENT_PROJECT_VERSION = 1;
				DEVELOPMENT_ASSET_PATHS = "\"App_TestsGitHub/Preview Content\"";
				ENABLE_PREVIEWS = YES;
				GENERATE_INFOPLIST_FILE = YES;
				INFOPLIST_KEY_UIApplicationSceneManifest_Generation = YES;
				INFOPLIST_KEY_UIApplicationSupportsIndirectInputEvents = YES;
				INFOPLIST_KEY_UILaunchScreen_Generation = YES;
				INFOPLIST_KEY_UISupportedInterfaceOrientations_iPad = "UIInterfaceOrientationPortrait UIInterfaceOrientationPortraitUpsideDown UIInterfaceOrientationLandscapeLeft UIInterfaceOrientationLandscapeRight";
				INFOPLIST_KEY_UISupportedInterfaceOrientations_iPhone = "UIInterfaceOrientationPortrait UIInterfaceOrientationLandscapeLeft UIInterfaceOrientationLandscapeRight";
				LD_RUNPATH_SEARCH_PATHS = (
					"$(inherited)",
					"@executable_path/Frameworks",
				);
				MARKETING_VERSION = 1.0;
				PRODUCT_BUNDLE_IDENTIFIER = "com.adria.MyApp-app.App-TestsGitHub";
				PRODUCT_NAME = "$(TARGET_NAME)";
				SWIFT_EMIT_LOC_STRINGS = YES;
				SWIFT_VERSION = 5.0;
				TARGETED_DEVICE_FAMILY = "1,2";
			};
			name = Release;
		};
		209A416A2C065D6A00732CD9 /* Debug */ = {
			isa = XCBuildConfiguration;
			buildSettings = {
				ALWAYS_EMBED_SWIFT_STANDARD_LIBRARIES = YES;
				BUNDLE_LOADER = "$(TEST_HOST)";
				CODE_SIGN_STYLE = Automatic;
				CURRENT_PROJECT_VERSION = 1;
				GENERATE_INFOPLIST_FILE = YES;
				IPHONEOS_DEPLOYMENT_TARGET = 16.2;
				MARKETING_VERSION = 1.0;
				PRODUCT_BUNDLE_IDENTIFIER = "com.adria.MyApp-app.App-TestsGitHubTests";
				PRODUCT_NAME = "$(TARGET_NAME)";
				SWIFT_EMIT_LOC_STRINGS = NO;
				SWIFT_VERSION = 5.0;
				TARGETED_DEVICE_FAMILY = "1,2";
				TEST_HOST = "$(BUILT_PRODUCTS_DIR)/App_TestsGitHub.app/$(BUNDLE_EXECUTABLE_FOLDER_PATH)/App_TestsGitHub";
			};
			name = Debug;
		};
		209A416B2C065D6A00732CD9 /* Release */ = {
			isa = XCBuildConfiguration;
			buildSettings = {
				ALWAYS_EMBED_SWIFT_STANDARD_LIBRARIES = YES;
				BUNDLE_LOADER = "$(TEST_HOST)";
				CODE_SIGN_STYLE = Automatic;
				CURRENT_PROJECT_VERSION = 1;
				GENERATE_INFOPLIST_FILE = YES;
				IPHONEOS_DEPLOYMENT_TARGET = 16.2;
				MARKETING_VERSION = 1.0;
				PRODUCT_BUNDLE_IDENTIFIER = "com.adria.MyApp-app.App-TestsGitHubTests";
				PRODUCT_NAME = "$(TARGET_NAME)";
				SWIFT_EMIT_LOC_STRINGS = NO;
				SWIFT_VERSION = 5.0;
				TARGETED_DEVICE_FAMILY = "1,2";
				TEST_HOST = "$(BUILT_PRODUCTS_DIR)/App_TestsGitHub.app/$(BUNDLE_EXECUTABLE_FOLDER_PATH)/App_TestsGitHub";
			};
			name = Release;
		};
		209A416D2C065D6A00732CD9 /* Debug */ = {
			isa = XCBuildConfiguration;
			buildSettings = {
				ALWAYS_EMBED_SWIFT_STANDARD_LIBRARIES = YES;
				CODE_SIGN_STYLE = Automatic;
				CURRENT_PROJECT_VERSION = 1;
				GENERATE_INFOPLIST_FILE = YES;
				MARKETING_VERSION = 1.0;
				PRODUCT_BUNDLE_IDENTIFIER = "com.adria.MyApp-app.App-TestsGitHubUITests";
				PRODUCT_NAME = "$(TARGET_NAME)";
				SWIFT_EMIT_LOC_STRINGS = NO;
				SWIFT_VERSION = 5.0;
				TARGETED_DEVICE_FAMILY = "1,2";
				TEST_TARGET_NAME = App_TestsGitHub;
			};
			name = Debug;
		};
		209A416E2C065D6A00732CD9 /* Release */ = {
			isa = XCBuildConfiguration;
			buildSettings = {
				ALWAYS_EMBED_SWIFT_STANDARD_LIBRARIES = YES;
				CODE_SIGN_STYLE = Automatic;
				CURRENT_PROJECT_VERSION = 1;
				GENERATE_INFOPLIST_FILE = YES;
				MARKETING_VERSION = 1.0;
				PRODUCT_BUNDLE_IDENTIFIER = "com.adria.MyApp-app.App-TestsGitHubUITests";
				PRODUCT_NAME = "$(TARGET_NAME)";
				SWIFT_EMIT_LOC_STRINGS = NO;
				SWIFT_VERSION = 5.0;
				TARGETED_DEVICE_FAMILY = "1,2";
				TEST_TARGET_NAME = App_TestsGitHub;
			};
			name = Release;
		};
/* End XCBuildConfiguration section */

/* Begin XCConfigurationList section */
		209A413D2C065D6700732CD9 /* Build configuration list for PBXProject "App_TestsGitHub" */ = {
			isa = XCConfigurationList;
			buildConfigurations = (
				209A41642C065D6A00732CD9 /* Debug */,
				209A41652C065D6A00732CD9 /* Release */,
			);
			defaultConfigurationIsVisible = 0;
			defaultConfigurationName = Release;
		};
		209A41662C065D6A00732CD9 /* Build configuration list for PBXNativeTarget "App_TestsGitHub" */ = {
			isa = XCConfigurationList;
			buildConfigurations = (
				209A41672C065D6A00732CD9 /* Debug */,
				209A41682C065D6A00732CD9 /* Release */,
			);
			defaultConfigurationIsVisible = 0;
			defaultConfigurationName = Release;
		};
		209A41692C065D6A00732CD9 /* Build configuration list for PBXNativeTarget "App_TestsGitHubTests" */ = {
			isa = XCConfigurationList;
			buildConfigurations = (
				209A416A2C065D6A00732CD9 /* Debug */,
				209A416B2C065D6A00732CD9 /* Release */,
			);
			defaultConfigurationIsVisible = 0;
			defaultConfigurationName = Release;
		};
		209A416C2C065D6A00732CD9 /* Build configuration list for PBXNativeTarget "App_TestsGitHubUITests" */ = {
			isa = XCConfigurationList;
			buildConfigurations = (
				209A416D2C065D6A00732CD9 /* Debug */,
				209A416E2C065D6A00732CD9 /* Release */,
			);
			defaultConfigurationIsVisible = 0;
			defaultConfigurationName = Release;
		};
/* End XCConfigurationList section */
	};
	rootObject = 209A413A2C065D6700732CD9 /* Project object */;
}
